
Microsoft Visual Studio Solution File, Format Version 12.00
# Visual Studio 15
VisualStudioVersion = 15.0.27130.2027
MinimumVisualStudioVersion = 10.0.40219.1
Project("{9A19103F-16F7-4668-BE54-9A1E7A4F7556}") = "CoreWebApp", "CoreWebApp\CoreWebApp.csproj", "{107641A3-532C-41C8-924F-31EADFF4EF2D}"
EndProject
Project("{9A19103F-16F7-4668-BE54-9A1E7A4F7556}") = "NewAngular2", "NewAngular2\NewAngular2.csproj", "{CBC194B3-48B1-4C8B-ACB8-69ACC50F4E53}"
EndProject
Global
	GlobalSection(SolutionConfigurationPlatforms) = preSolution
		Debug|Any CPU = Debug|Any CPU
		Debug|x64 = Debug|x64
		Debug|x86 = Debug|x86
		Release|Any CPU = Release|Any CPU
		Release|x64 = Release|x64
		Release|x86 = Release|x86
	EndGlobalSection
	GlobalSection(ProjectConfigurationPlatforms) = postSolution
		{107641A3-532C-41C8-924F-31EADFF4EF2D}.Debug|Any CPU.ActiveCfg = Debug|Any CPU
		{107641A3-532C-41C8-924F-31EADFF4EF2D}.Debug|Any CPU.Build.0 = Debug|Any CPU
		{107641A3-532C-41C8-924F-31EADFF4EF2D}.Debug|x64.ActiveCfg = Debug|Any CPU
		{107641A3-532C-41C8-924F-31EADFF4EF2D}.Debug|x64.Build.0 = Debug|Any CPU
		{107641A3-532C-41C8-924F-31EADFF4EF2D}.Debug|x86.ActiveCfg = Debug|Any CPU
		{107641A3-532C-41C8-924F-31EADFF4EF2D}.Debug|x86.Build.0 = Debug|Any CPU
		{107641A3-532C-41C8-924F-31EADFF4EF2D}.Release|Any CPU.ActiveCfg = Release|Any CPU
		{107641A3-532C-41C8-924F-31EADFF4EF2D}.Release|Any CPU.Build.0 = Release|Any CPU
		{107641A3-532C-41C8-924F-31EADFF4EF2D}.Release|x64.ActiveCfg = Release|Any CPU
		{107641A3-532C-41C8-924F-31EADFF4EF2D}.Release|x64.Build.0 = Release|Any CPU
		{107641A3-532C-41C8-924F-31EADFF4EF2D}.Release|x86.ActiveCfg = Release|Any CPU
		{107641A3-532C-41C8-924F-31EADFF4EF2D}.Release|x86.Build.0 = Release|Any CPU
		{CBC194B3-48B1-4C8B-ACB8-69ACC50F4E53}.Debug|Any CPU.ActiveCfg = Debug|Any CPU
		{CBC194B3-48B1-4C8B-ACB8-69ACC50F4E53}.Debug|Any CPU.Build.0 = Debug|Any CPU
		{CBC194B3-48B1-4C8B-ACB8-69ACC50F4E53}.Debug|x64.ActiveCfg = Debug|Any CPU
		{CBC194B3-48B1-4C8B-ACB8-69ACC50F4E53}.Debug|x64.Build.0 = Debug|Any CPU
		{CBC194B3-48B1-4C8B-ACB8-69ACC50F4E53}.Debug|x86.ActiveCfg = Debug|Any CPU
		{CBC194B3-48B1-4C8B-ACB8-69ACC50F4E53}.Debug|x86.Build.0 = Debug|Any CPU
		{CBC194B3-48B1-4C8B-ACB8-69ACC50F4E53}.Release|Any CPU.ActiveCfg = Release|Any CPU
		{CBC194B3-48B1-4C8B-ACB8-69ACC50F4E53}.Release|Any CPU.Build.0 = Release|Any CPU
		{CBC194B3-48B1-4C8B-ACB8-69ACC50F4E53}.Release|x64.ActiveCfg = Release|Any CPU
		{CBC194B3-48B1-4C8B-ACB8-69ACC50F4E53}.Release|x64.Build.0 = Release|Any CPU
		{CBC194B3-48B1-4C8B-ACB8-69ACC50F4E53}.Release|x86.ActiveCfg = Release|Any CPU
		{CBC194B3-48B1-4C8B-ACB8-69ACC50F4E53}.Release|x86.Build.0 = Release|Any CPU
	EndGlobalSection
	GlobalSection(SolutionProperties) = preSolution
		HideSolutionNode = FALSE
	EndGlobalSection
	GlobalSection(ExtensibilityGlobals) = postSolution
		SolutionGuid = {9C5F8CFB-89DE-46E8-8A41-076372B0F397}
	EndGlobalSection
EndGlobal
