{
    "_readme": [
        "This file locks the dependencies of your project to a known state",
        "Read more about it at https://getcomposer.org/doc/01-basic-usage.md#composer-lock-the-lock-file",
        "This file is @generated automatically"
    ],
    "hash": "033c8981fcf8f0edf6bd5075d365294a",
    "content-hash": "afeb5e69c76fabf807654409cfaa79a0",
    "packages": [
        {
            "name": "lacuna/restpki-client-legacy",
            "version": "1.1.0",
            "source": {
                "type": "git",
                "url": "https://github.com/LacunaSoftware/RestPkiPhpClientLegacy.git",
                "reference": "b4484800f3ad767fdcdef1b86a720cc004092237"
            },
            "dist": {
                "type": "zip",
                "url": "https://api.github.com/repos/LacunaSoftware/RestPkiPhpClientLegacy/zipball/b4484800f3ad767fdcdef1b86a720cc004092237",
                "reference": "b4484800f3ad767fdcdef1b86a720cc004092237",
                "shasum": ""
            },
            "require": {
                "nategood/httpful": "^0.2.20",
                "php": ">=5.3.0"
            },
            "type": "library",
            "autoload": {
                "psr-4": {
                    "Lacuna\\RestPki\\Legacy\\": "src/"
                }
            },
            "notification-url": "https://packagist.org/downloads/",
            "authors": [
                {
                    "name": "Ismael Medeiros",
                    "email": "IsmaelM@lacunasoftware.com"
                }
            ],
            "description": "Client Legacy lib for Rest PKI",
            "homepage": "https://pki.rest/",
            "keywords": [
                "client lib",
                "lacuna",
                "legacy",
                "pki",
                "rest",
                "signature"
            ],
            "time": "2018-11-20 17:19:19"
        },
        {
            "name": "nategood/httpful",
            "version": "0.2.20",
            "source": {
                "type": "git",
                "url": "https://github.com/nategood/httpful.git",
                "reference": "c1cd4d46a4b281229032cf39d4dd852f9887c0f6"
            },
            "dist": {
                "type": "zip",
                "url": "https://api.github.com/repos/nategood/httpful/zipball/c1cd4d46a4b281229032cf39d4dd852f9887c0f6",
                "reference": "c1cd4d46a4b281229032cf39d4dd852f9887c0f6",
                "shasum": ""
            },
            "require": {
                "ext-curl": "*",
                "php": ">=5.3"
            },
            "require-dev": {
                "phpunit/phpunit": "*"
            },
            "type": "library",
            "autoload": {
                "psr-0": {
                    "Httpful": "src/"
                }
            },
            "notification-url": "https://packagist.org/downloads/",
            "license": [
                "MIT"
            ],
            "authors": [
                {
                    "name": "Nate Good",
                    "email": "me@nategood.com",
                    "homepage": "http://nategood.com"
                }
            ],
            "description": "A Readable, Chainable, REST friendly, PHP HTTP Client",
            "homepage": "http://github.com/nategood/httpful",
            "keywords": [
                "api",
                "curl",
                "http",
                "requests",
                "rest",
                "restful"
            ],
            "time": "2015-10-26 16:11:30"
        }
    ],
    "packages-dev": [],
    "aliases": [],
    "minimum-stability": "stable",
    "stability-flags": [],
    "prefer-stable": false,
    "prefer-lowest": false,
    "platform": [],
    "platform-dev": []
}
