{
    "_readme": [
        "This file locks the dependencies of your project to a known state",
        "Read more about it at https://getcomposer.org/doc/01-basic-usage.md#composer-lock-the-lock-file",
        "This file is @generated automatically"
    ],
    "hash": "7bc919f521eeca4ff466b7aa56444751",
    "content-hash": "77f1c3b6c581b50c4f6dc4efee4ebaa4",
    "packages": [
        {
            "name": "lacuna/restpki-client-legacy",
            "version": "1.0.0",
            "source": {
                "type": "git",
                "url": "https://github.com/LacunaSoftware/RestPkiPhpClientLegacy.git",
                "reference": "81d20b556afaa1518171b31445d0a6721acc4be5"
            },
            "dist": {
                "type": "zip",
                "url": "https://api.github.com/repos/LacunaSoftware/RestPkiPhpClientLegacy/zipball/81d20b556afaa1518171b31445d0a6721acc4be5",
                "reference": "81d20b556afaa1518171b31445d0a6721acc4be5",
                "shasum": ""
            },
            "require": {
                "nategood/httpful": "^0.2.20",
                "php": ">=5.3.0"
            },
            "type": "library",
            "autoload": {
                "psr-4": {
                    "Lacuna\\RestPki\\Legacy\\": "src/"
                }
            },
            "notification-url": "https://packagist.org/downloads/",
            "authors": [
                {
                    "name": "Ismael Medeiros",
                    "email": "IsmaelM@lacunasoftware.com"
                }
            ],
            "description": "Client Legacy lib for Rest PKI",
            "homepage": "https://pki.rest/",
            "keywords": [
                "client lib",
                "lacuna",
                "legacy",
                "pki",
                "rest",
                "signature"
            ],
            "time": "2018-05-29 17:59:55"
        },
        {
            "name": "nategood/httpful",
            "version": "0.2.20",
            "source": {
                "type": "git",
                "url": "https://github.com/nategood/httpful.git",
                "reference": "c1cd4d46a4b281229032cf39d4dd852f9887c0f6"
            },
            "dist": {
                "type": "zip",
                "url": "https://api.github.com/repos/nategood/httpful/zipball/c1cd4d46a4b281229032cf39d4dd852f9887c0f6",
                "reference": "c1cd4d46a4b281229032cf39d4dd852f9887c0f6",
                "shasum": ""
            },
            "require": {
                "ext-curl": "*",
                "php": ">=5.3"
            },
            "require-dev": {
                "phpunit/phpunit": "*"
            },
            "type": "library",
            "autoload": {
                "psr-0": {
                    "Httpful": "src/"
                }
            },
            "notification-url": "https://packagist.org/downloads/",
            "license": [
                "MIT"
            ],
            "authors": [
                {
                    "name": "Nate Good",
                    "email": "me@nategood.com",
                    "homepage": "http://nategood.com"
                }
            ],
            "description": "A Readable, Chainable, REST friendly, PHP HTTP Client",
            "homepage": "http://github.com/nategood/httpful",
            "keywords": [
                "api",
                "curl",
                "http",
                "requests",
                "rest",
                "restful"
            ],
            "time": "2015-10-26 16:11:30"
        }
    ],
    "packages-dev": [],
    "aliases": [],
    "minimum-stability": "stable",
    "stability-flags": [],
    "prefer-stable": false,
    "prefer-lowest": false,
    "platform": [],
    "platform-dev": []
}
